{
  "name": "tools",
  "lockfileVersion": 3,
  "requires": true,
  "packages": {
    "": {
      "dependencies": {
        "github-fork-ribbon-css": "^0.2.3"
      }
    },
    "node_modules/github-fork-ribbon-css": {
      "version": "0.2.3",
      "resolved": "https://registry.npmjs.org/github-fork-ribbon-css/-/github-fork-ribbon-css-0.2.3.tgz",
      "integrity": "sha512-cmGBV4sivRwmnteSOkqMjN2cnP5/J1SU5aDCVYsBWHmDokZ/JjwGEkduCxY9IULHdCPpw1WSk5Cy8N1LF6jOEw=="
    }
  }
}
